// !$*UTF8*$!
{
	archiveVersion = 1;
	classes = {
	};
	objectVersion = 45;
	objects = {

/* Begin PBXBuildFile section */
		692300820FF557160031A8B7 /* preferences.c in Sources */ = {isa = PBXBuildFile; fileRef = 692300800FF557160031A8B7 /* preferences.c */; };
		6924E80D0FFC0A9A00907808 /* debug.c in Sources */ = {isa = PBXBuildFile; fileRef = 6924E80B0FFC0A9A00907808 /* debug.c */; };
		6924E80E0FFC0A9A00907808 /* debug.c in Sources */ = {isa = PBXBuildFile; fileRef = 6924E80B0FFC0A9A00907808 /* debug.c */; };
		697EEACF100397560063C91C /* support_funcs.c in Sources */ = {isa = PBXBuildFile; fileRef = 697EEACD100397560063C91C /* support_funcs.c */; };
		697EEAD410039A880063C91C /* types.h in Headers */ = {isa = PBXBuildFile; fileRef = 697EEAD310039A880063C91C /* types.h */; };
		6983BB8E0FF14B0B00FED01D /* Security.framework in Frameworks */ = {isa = PBXBuildFile; fileRef = 6983BB8D0FF14B0B00FED01D /* Security.framework */; };
		6983BC060FF14BDA00FED01D /* pkcs11.h in Headers */ = {isa = PBXBuildFile; fileRef = 6983BC050FF14BDA00FED01D /* pkcs11.h */; };
		6983BC080FF14C6C00FED01D /* pkcs11f.h in Headers */ = {isa = PBXBuildFile; fileRef = 6983BC070FF14C6C00FED01D /* pkcs11f.h */; };
		6983BCB90FF14C9500FED01D /* pkcs11t.h in Headers */ = {isa = PBXBuildFile; fileRef = 6983BCB80FF14C9500FED01D /* pkcs11t.h */; };
		6983BDC80FF2768100FED01D /* keychain_pkcs11.c in Sources */ = {isa = PBXBuildFile; fileRef = 6983BB7C0FF008B100FED01D /* keychain_pkcs11.c */; };
		6983BDDA0FF2771D00FED01D /* pkcs11_test.c in Sources */ = {isa = PBXBuildFile; fileRef = 6983BDD20FF276EF00FED01D /* pkcs11_test.c */; };
/* End PBXBuildFile section */

/* Begin PBXFileReference section */
		6923007F0FF557160031A8B7 /* preferences.h */ = {isa = PBXFileReference; fileEncoding = 4; lastKnownFileType = sourcecode.c.h; path = preferences.h; sourceTree = "<group>"; };
		692300800FF557160031A8B7 /* preferences.c */ = {isa = PBXFileReference; fileEncoding = 4; lastKnownFileType = sourcecode.c.c; path = preferences.c; sourceTree = "<group>"; };
		692300BC0FF55CD00031A8B7 /* CoreServices.framework */ = {isa = PBXFileReference; lastKnownFileType = wrapper.framework; name = CoreServices.framework; path = System/Library/Frameworks/CoreServices.framework; sourceTree = SDKROOT; };
		692302C20FF925BB0031A8B7 /* README */ = {isa = PBXFileReference; fileEncoding = 4; lastKnownFileType = text; path = README; sourceTree = "<group>"; };
		6924E80A0FFC0A9A00907808 /* debug.h */ = {isa = PBXFileReference; fileEncoding = 4; lastKnownFileType = sourcecode.c.h; path = debug.h; sourceTree = "<group>"; };
		6924E80B0FFC0A9A00907808 /* debug.c */ = {isa = PBXFileReference; fileEncoding = 4; lastKnownFileType = sourcecode.c.c; path = debug.c; sourceTree = "<group>"; };
		697EEACC100397560063C91C /* support_funcs.h */ = {isa = PBXFileReference; fileEncoding = 4; lastKnownFileType = sourcecode.c.h; path = support_funcs.h; sourceTree = "<group>"; };
		697EEACD100397560063C91C /* support_funcs.c */ = {isa = PBXFileReference; fileEncoding = 4; lastKnownFileType = sourcecode.c.c; path = support_funcs.c; sourceTree = "<group>"; };
		697EEAD310039A880063C91C /* types.h */ = {isa = PBXFileReference; fileEncoding = 4; lastKnownFileType = sourcecode.c.h; path = types.h; sourceTree = "<group>"; };
		697EEADA10039CA20063C91C /* constants.h */ = {isa = PBXFileReference; fileEncoding = 4; lastKnownFileType = sourcecode.c.h; path = constants.h; sourceTree = "<group>"; };
		6983BB560FEFED9C00FED01D /* CoreFoundation.framework */ = {isa = PBXFileReference; lastKnownFileType = wrapper.framework; name = CoreFoundation.framework; path = /System/Library/Frameworks/CoreFoundation.framework; sourceTree = "<absolute>"; };
		6983BB5B0FEFEDAE00FED01D /* Security.framework */ = {isa = PBXFileReference; lastKnownFileType = wrapper.framework; name = Security.framework; path = /System/Library/Frameworks/Security.framework; sourceTree = "<absolute>"; };
		6983BB7B0FF008B100FED01D /* keychain_pkcs11.h */ = {isa = PBXFileReference; fileEncoding = 4; lastKnownFileType = sourcecode.c.h; path = keychain_pkcs11.h; sourceTree = "<group>"; };
		6983BB7C0FF008B100FED01D /* keychain_pkcs11.c */ = {isa = PBXFileReference; fileEncoding = 4; lastKnownFileType = sourcecode.c.c; path = keychain_pkcs11.c; sourceTree = "<group>"; };
		6983BB8A0FF14AEC00FED01D /* keychain_pkcs11.dylib */ = {isa = PBXFileReference; explicitFileType = "compiled.mach-o.dylib"; includeInIndex = 0; path = keychain_pkcs11.dylib; sourceTree = BUILT_PRODUCTS_DIR; };
		6983BB8D0FF14B0B00FED01D /* Security.framework */ = {isa = PBXFileReference; lastKnownFileType = wrapper.framework; name = Security.framework; path = System/Library/Frameworks/Security.framework; sourceTree = SDKROOT; };
		6983BC030FF14BA600FED01D /* mypkcs11.h */ = {isa = PBXFileReference; fileEncoding = 4; lastKnownFileType = sourcecode.c.h; path = mypkcs11.h; sourceTree = "<group>"; };
		6983BC050FF14BDA00FED01D /* pkcs11.h */ = {isa = PBXFileReference; fileEncoding = 4; lastKnownFileType = sourcecode.c.h; path = pkcs11.h; sourceTree = "<group>"; };
		6983BC070FF14C6C00FED01D /* pkcs11f.h */ = {isa = PBXFileReference; fileEncoding = 4; lastKnownFileType = sourcecode.c.h; path = pkcs11f.h; sourceTree = "<group>"; };
		6983BCB80FF14C9500FED01D /* pkcs11t.h */ = {isa = PBXFileReference; fileEncoding = 4; lastKnownFileType = sourcecode.c.h; path = pkcs11t.h; sourceTree = "<group>"; };
		6983BDD10FF276EF00FED01D /* pkcs11_test.h */ = {isa = PBXFileReference; fileEncoding = 4; lastKnownFileType = sourcecode.c.h; path = pkcs11_test.h; sourceTree = "<group>"; };
		6983BDD20FF276EF00FED01D /* pkcs11_test.c */ = {isa = PBXFileReference; fileEncoding = 4; lastKnownFileType = sourcecode.c.c; path = pkcs11_test.c; sourceTree = "<group>"; };
		6983BDD60FF2770E00FED01D /* pkcs11_test */ = {isa = PBXFileReference; explicitFileType = "compiled.mach-o.executable"; includeInIndex = 0; path = pkcs11_test; sourceTree = BUILT_PRODUCTS_DIR; };
		C6A0FF2C0290799A04C91782 /* KeychainToken.1 */ = {isa = PBXFileReference; lastKnownFileType = text.man; path = KeychainToken.1; sourceTree = "<group>"; };
/* End PBXFileReference section */

/* Begin PBXFrameworksBuildPhase section */
		6983BB880FF14AEC00FED01D /* Frameworks */ = {
			isa = PBXFrameworksBuildPhase;
			buildActionMask = 2147483647;
			files = (
				6983BB8E0FF14B0B00FED01D /* Security.framework in Frameworks */,
			);
			runOnlyForDeploymentPostprocessing = 0;
		};
		6983BDD40FF2770E00FED01D /* Frameworks */ = {
			isa = PBXFrameworksBuildPhase;
			buildActionMask = 2147483647;
			files = (
			);
			runOnlyForDeploymentPostprocessing = 0;
		};
/* End PBXFrameworksBuildPhase section */

/* Begin PBXGroup section */
		08FB7794FE84155DC02AAC07 /* KeychainToken */ = {
			isa = PBXGroup;
			children = (
				692300C10FF55CDA0031A8B7 /* Frameworks */,
				08FB7795FE84155DC02AAC07 /* Source */,
				C6A0FF2B0290797F04C91782 /* Documentation */,
				1AB674ADFE9D54B511CA2CBB /* Products */,
				692302C20FF925BB0031A8B7 /* README */,
			);
			name = KeychainToken;
			sourceTree = "<group>";
		};
		08FB7795FE84155DC02AAC07 /* Source */ = {
			isa = PBXGroup;
			children = (
				6983BB7B0FF008B100FED01D /* keychain_pkcs11.h */,
				6983BB7C0FF008B100FED01D /* keychain_pkcs11.c */,
				6983BC030FF14BA600FED01D /* mypkcs11.h */,
				6983BC050FF14BDA00FED01D /* pkcs11.h */,
				6983BC070FF14C6C00FED01D /* pkcs11f.h */,
				6983BCB80FF14C9500FED01D /* pkcs11t.h */,
				6983BDD10FF276EF00FED01D /* pkcs11_test.h */,
				6983BDD20FF276EF00FED01D /* pkcs11_test.c */,
				6923007F0FF557160031A8B7 /* preferences.h */,
				692300800FF557160031A8B7 /* preferences.c */,
				6924E80A0FFC0A9A00907808 /* debug.h */,
				6924E80B0FFC0A9A00907808 /* debug.c */,
				697EEACC100397560063C91C /* support_funcs.h */,
				697EEACD100397560063C91C /* support_funcs.c */,
				697EEAD310039A880063C91C /* types.h */,
				697EEADA10039CA20063C91C /* constants.h */,
			);
			name = Source;
			sourceTree = "<group>";
		};
		1AB674ADFE9D54B511CA2CBB /* Products */ = {
			isa = PBXGroup;
			children = (
				6983BB8A0FF14AEC00FED01D /* keychain_pkcs11.dylib */,
				6983BDD60FF2770E00FED01D /* pkcs11_test */,
			);
			name = Products;
			sourceTree = "<group>";
		};
		692300C10FF55CDA0031A8B7 /* Frameworks */ = {
			isa = PBXGroup;
			children = (
				6983BB8D0FF14B0B00FED01D /* Security.framework */,
				692300BC0FF55CD00031A8B7 /* CoreServices.framework */,
				6983BB560FEFED9C00FED01D /* CoreFoundation.framework */,
				6983BB5B0FEFEDAE00FED01D /* Security.framework */,
			);
			name = Frameworks;
			sourceTree = "<group>";
		};
		C6A0FF2B0290797F04C91782 /* Documentation */ = {
			isa = PBXGroup;
			children = (
				C6A0FF2C0290799A04C91782 /* KeychainToken.1 */,
			);
			name = Documentation;
			sourceTree = "<group>";
		};
/* End PBXGroup section */

/* Begin PBXHeadersBuildPhase section */
		6983BB860FF14AEC00FED01D /* Headers */ = {
			isa = PBXHeadersBuildPhase;
			buildActionMask = 2147483647;
			files = (
				6983BC060FF14BDA00FED01D /* pkcs11.h in Headers */,
				6983BC080FF14C6C00FED01D /* pkcs11f.h in Headers */,
				6983BCB90FF14C9500FED01D /* pkcs11t.h in Headers */,
				697EEAD410039A880063C91C /* types.h in Headers */,
			);
			runOnlyForDeploymentPostprocessing = 0;
		};
/* End PBXHeadersBuildPhase section */

/* Begin PBXNativeTarget section */
		6983BB890FF14AEC00FED01D /* keychain_pkcs11 */ = {
			isa = PBXNativeTarget;
			buildConfigurationList = 6983BB910FF14B0C00FED01D /* Build configuration list for PBXNativeTarget "keychain_pkcs11" */;
			buildPhases = (
				6983BB860FF14AEC00FED01D /* Headers */,
				6983BB870FF14AEC00FED01D /* Sources */,
				6983BB880FF14AEC00FED01D /* Frameworks */,
			);
			buildRules = (
			);
			dependencies = (
			);
			name = keychain_pkcs11;
			productName = keychain_pkcs11;
			productReference = 6983BB8A0FF14AEC00FED01D /* keychain_pkcs11.dylib */;
			productType = "com.apple.product-type.library.dynamic";
		};
		6983BDD50FF2770E00FED01D /* pkcs11_test */ = {
			isa = PBXNativeTarget;
			buildConfigurationList = 6983BDEB0FF2773A00FED01D /* Build configuration list for PBXNativeTarget "pkcs11_test" */;
			buildPhases = (
				6983BDD30FF2770E00FED01D /* Sources */,
				6983BDD40FF2770E00FED01D /* Frameworks */,
			);
			buildRules = (
			);
			dependencies = (
			);
			name = pkcs11_test;
			productName = pkcs11_test;
			productReference = 6983BDD60FF2770E00FED01D /* pkcs11_test */;
			productType = "com.apple.product-type.tool";
		};
/* End PBXNativeTarget section */

/* Begin PBXProject section */
		08FB7793FE84155DC02AAC07 /* Project object */ = {
			isa = PBXProject;
			buildConfigurationList = 1DEB928908733DD80010E9CD /* Build configuration list for PBXProject "KeychainToken" */;
			compatibilityVersion = "Xcode 3.1";
			hasScannedForEncodings = 1;
			mainGroup = 08FB7794FE84155DC02AAC07 /* KeychainToken */;
			projectDirPath = "";
			projectRoot = "";
			targets = (
				6983BB890FF14AEC00FED01D /* keychain_pkcs11 */,
				6983BDD50FF2770E00FED01D /* pkcs11_test */,
			);
		};
/* End PBXProject section */

/* Begin PBXSourcesBuildPhase section */
		6983BB870FF14AEC00FED01D /* Sources */ = {
			isa = PBXSourcesBuildPhase;
			buildActionMask = 2147483647;
			files = (
				6983BDC80FF2768100FED01D /* keychain_pkcs11.c in Sources */,
				692300820FF557160031A8B7 /* preferences.c in Sources */,
				6924E80D0FFC0A9A00907808 /* debug.c in Sources */,
				697EEACF100397560063C91C /* support_funcs.c in Sources */,
			);
			runOnlyForDeploymentPostprocessing = 0;
		};
		6983BDD30FF2770E00FED01D /* Sources */ = {
			isa = PBXSourcesBuildPhase;
			buildActionMask = 2147483647;
			files = (
				6983BDDA0FF2771D00FED01D /* pkcs11_test.c in Sources */,
				6924E80E0FFC0A9A00907808 /* debug.c in Sources */,
			);
			runOnlyForDeploymentPostprocessing = 0;
		};
/* End PBXSourcesBuildPhase section */

/* Begin XCBuildConfiguration section */
		1DEB928A08733DD80010E9CD /* Debug */ = {
			isa = XCBuildConfiguration;
			buildSettings = {
				ARCHS = "$(ARCHS_STANDARD_32_BIT)";
				GCC_C_LANGUAGE_STANDARD = c99;
				GCC_OPTIMIZATION_LEVEL = 0;
				GCC_WARN_ABOUT_RETURN_TYPE = YES;
				GCC_WARN_UNUSED_VARIABLE = YES;
				ONLY_ACTIVE_ARCH = YES;
				PREBINDING = NO;
				SDKROOT = macosx10.5;
			};
			name = Debug;
		};
		1DEB928B08733DD80010E9CD /* Release */ = {
			isa = XCBuildConfiguration;
			buildSettings = {
				ARCHS = "$(ARCHS_STANDARD_32_BIT)";
				GCC_C_LANGUAGE_STANDARD = c99;
				GCC_WARN_ABOUT_RETURN_TYPE = YES;
				GCC_WARN_UNUSED_VARIABLE = YES;
				PREBINDING = NO;
				SDKROOT = macosx10.5;
			};
			name = Release;
		};
		6983BB8B0FF14AED00FED01D /* Debug */ = {
			isa = XCBuildConfiguration;
			buildSettings = {
				ALWAYS_SEARCH_USER_PATHS = NO;
				COPY_PHASE_STRIP = NO;
				DYLIB_COMPATIBILITY_VERSION = 1;
				DYLIB_CURRENT_VERSION = 1;
				GCC_DYNAMIC_NO_PIC = NO;
				GCC_ENABLE_FIX_AND_CONTINUE = YES;
				GCC_MODEL_TUNING = G5;
				GCC_OPTIMIZATION_LEVEL = 0;
				GCC_PRECOMPILE_PREFIX_HEADER = YES;
				GCC_PREFIX_HEADER = "$(SYSTEM_LIBRARY_DIR)/Frameworks/Carbon.framework/Headers/Carbon.h";
				INSTALL_PATH = /usr/local/lib;
				OTHER_LDFLAGS = (
					"-lcrypto",
					"-framework",
					Carbon,
				);
				PREBINDING = NO;
				PRODUCT_NAME = keychain_pkcs11;
			};
			name = Debug;
		};
		6983BB8C0FF14AED00FED01D /* Release */ = {
			isa = XCBuildConfiguration;
			buildSettings = {
				ALWAYS_SEARCH_USER_PATHS = NO;
				COPY_PHASE_STRIP = YES;
				DEBUG_INFORMATION_FORMAT = "dwarf-with-dsym";
				DYLIB_COMPATIBILITY_VERSION = 1;
				DYLIB_CURRENT_VERSION = 1;
				GCC_ENABLE_FIX_AND_CONTINUE = NO;
				GCC_MODEL_TUNING = G5;
				GCC_PRECOMPILE_PREFIX_HEADER = YES;
				GCC_PREFIX_HEADER = "$(SYSTEM_LIBRARY_DIR)/Frameworks/Carbon.framework/Headers/Carbon.h";
				INSTALL_PATH = /usr/local/lib;
				OTHER_LDFLAGS = (
					"-lcrypto",
					"-framework",
					Carbon,
				);
				PREBINDING = NO;
				PRODUCT_NAME = keychain_pkcs11;
				ZERO_LINK = NO;
			};
			name = Release;
		};
		6983BDD80FF2770F00FED01D /* Debug */ = {
			isa = XCBuildConfiguration;
			buildSettings = {
				ALWAYS_SEARCH_USER_PATHS = NO;
				COPY_PHASE_STRIP = NO;
				GCC_DYNAMIC_NO_PIC = NO;
				GCC_ENABLE_FIX_AND_CONTINUE = YES;
				GCC_MODEL_TUNING = G5;
				GCC_OPTIMIZATION_LEVEL = 0;
				INSTALL_PATH = /usr/local/bin;
				PREBINDING = NO;
				PRODUCT_NAME = pkcs11_test;
			};
			name = Debug;
		};
		6983BDD90FF2770F00FED01D /* Release */ = {
			isa = XCBuildConfiguration;
			buildSettings = {
				ALWAYS_SEARCH_USER_PATHS = NO;
				COPY_PHASE_STRIP = YES;
				DEBUG_INFORMATION_FORMAT = "dwarf-with-dsym";
				GCC_ENABLE_FIX_AND_CONTINUE = NO;
				GCC_MODEL_TUNING = G5;
				INSTALL_PATH = /usr/local/bin;
				PREBINDING = NO;
				PRODUCT_NAME = pkcs11_test;
				ZERO_LINK = NO;
			};
			name = Release;
		};
/* End XCBuildConfiguration section */

/* Begin XCConfigurationList section */
		1DEB928908733DD80010E9CD /* Build configuration list for PBXProject "KeychainToken" */ = {
			isa = XCConfigurationList;
			buildConfigurations = (
				1DEB928A08733DD80010E9CD /* Debug */,
				1DEB928B08733DD80010E9CD /* Release */,
			);
			defaultConfigurationIsVisible = 0;
			defaultConfigurationName = Release;
		};
		6983BB910FF14B0C00FED01D /* Build configuration list for PBXNativeTarget "keychain_pkcs11" */ = {
			isa = XCConfigurationList;
			buildConfigurations = (
				6983BB8B0FF14AED00FED01D /* Debug */,
				6983BB8C0FF14AED00FED01D /* Release */,
			);
			defaultConfigurationIsVisible = 0;
			defaultConfigurationName = Release;
		};
		6983BDEB0FF2773A00FED01D /* Build configuration list for PBXNativeTarget "pkcs11_test" */ = {
			isa = XCConfigurationList;
			buildConfigurations = (
				6983BDD80FF2770F00FED01D /* Debug */,
				6983BDD90FF2770F00FED01D /* Release */,
			);
			defaultConfigurationIsVisible = 0;
			defaultConfigurationName = Release;
		};
/* End XCConfigurationList section */
	};
	rootObject = 08FB7793FE84155DC02AAC07 /* Project object */;
}
