// !$*UTF8*$!
{
	archiveVersion = 1;
	classes = {
	};
	objectVersion = 46;
	objects = {

/* Begin PBXBuildFile section */
		692300820FF557160031A8B7 /* preferences.c in Sources */ = {isa = PBXBuildFile; fileRef = 692300800FF557160031A8B7 /* preferences.c */; };
		6924E80D0FFC0A9A00907808 /* debug.c in Sources */ = {isa = PBXBuildFile; fileRef = 6924E80B0FFC0A9A00907808 /* debug.c */; };
		6924E80E0FFC0A9A00907808 /* debug.c in Sources */ = {isa = PBXBuildFile; fileRef = 6924E80B0FFC0A9A00907808 /* debug.c */; };
		697EEACF100397560063C91C /* support_funcs.c in Sources */ = {isa = PBXBuildFile; fileRef = 697EEACD100397560063C91C /* support_funcs.c */; };
		697EEAD410039A880063C91C /* types.h in Headers */ = {isa = PBXBuildFile; fileRef = 697EEAD310039A880063C91C /* types.h */; };
		6983BDC80FF2768100FED01D /* keychain_pkcs11.c in Sources */ = {isa = PBXBuildFile; fileRef = 6983BB7C0FF008B100FED01D /* keychain_pkcs11.c */; };
		6983BDDA0FF2771D00FED01D /* pkcs11_test.c in Sources */ = {isa = PBXBuildFile; fileRef = 6983BDD20FF276EF00FED01D /* pkcs11_test.c */; };
		883BD2CE1DA57F4600051423 /* Security.framework in Frameworks */ = {isa = PBXBuildFile; fileRef = 883BD2CD1DA57F4600051423 /* Security.framework */; };
		883BD2D01DA57F5700051423 /* CoreFoundation.framework in Frameworks */ = {isa = PBXBuildFile; fileRef = 883BD2CF1DA57F5700051423 /* CoreFoundation.framework */; };
		883BD2D21DA57FDB00051423 /* CoreServices.framework in Frameworks */ = {isa = PBXBuildFile; fileRef = 883BD2D11DA57FDB00051423 /* CoreServices.framework */; };
/* End PBXBuildFile section */

/* Begin PBXFileReference section */
		6923007F0FF557160031A8B7 /* preferences.h */ = {isa = PBXFileReference; fileEncoding = 4; lastKnownFileType = sourcecode.c.h; path = preferences.h; sourceTree = "<group>"; };
		692300800FF557160031A8B7 /* preferences.c */ = {isa = PBXFileReference; fileEncoding = 4; lastKnownFileType = sourcecode.c.c; path = preferences.c; sourceTree = "<group>"; };
		692302C20FF925BB0031A8B7 /* README */ = {isa = PBXFileReference; fileEncoding = 4; lastKnownFileType = text; path = README; sourceTree = "<group>"; };
		6924E80A0FFC0A9A00907808 /* debug.h */ = {isa = PBXFileReference; fileEncoding = 4; lastKnownFileType = sourcecode.c.h; path = debug.h; sourceTree = "<group>"; };
		6924E80B0FFC0A9A00907808 /* debug.c */ = {isa = PBXFileReference; fileEncoding = 4; lastKnownFileType = sourcecode.c.c; path = debug.c; sourceTree = "<group>"; };
		697EEACC100397560063C91C /* support_funcs.h */ = {isa = PBXFileReference; fileEncoding = 4; lastKnownFileType = sourcecode.c.h; path = support_funcs.h; sourceTree = "<group>"; };
		697EEACD100397560063C91C /* support_funcs.c */ = {isa = PBXFileReference; fileEncoding = 4; lastKnownFileType = sourcecode.c.c; path = support_funcs.c; sourceTree = "<group>"; };
		697EEAD310039A880063C91C /* types.h */ = {isa = PBXFileReference; fileEncoding = 4; lastKnownFileType = sourcecode.c.h; path = types.h; sourceTree = "<group>"; };
		697EEADA10039CA20063C91C /* constants.h */ = {isa = PBXFileReference; fileEncoding = 4; lastKnownFileType = sourcecode.c.h; path = constants.h; sourceTree = "<group>"; };
		6983BB7B0FF008B100FED01D /* keychain_pkcs11.h */ = {isa = PBXFileReference; fileEncoding = 4; lastKnownFileType = sourcecode.c.h; path = keychain_pkcs11.h; sourceTree = "<group>"; };
		6983BB7C0FF008B100FED01D /* keychain_pkcs11.c */ = {isa = PBXFileReference; fileEncoding = 4; lastKnownFileType = sourcecode.c.c; path = keychain_pkcs11.c; sourceTree = "<group>"; };
		6983BB8A0FF14AEC00FED01D /* keychain_pkcs11.dylib */ = {isa = PBXFileReference; explicitFileType = "compiled.mach-o.dylib"; includeInIndex = 0; path = keychain_pkcs11.dylib; sourceTree = BUILT_PRODUCTS_DIR; };
		6983BDD20FF276EF00FED01D /* pkcs11_test.c */ = {isa = PBXFileReference; fileEncoding = 4; lastKnownFileType = sourcecode.c.c; path = pkcs11_test.c; sourceTree = "<group>"; };
		6983BDD60FF2770E00FED01D /* pkcs11_test */ = {isa = PBXFileReference; explicitFileType = "compiled.mach-o.executable"; includeInIndex = 0; path = pkcs11_test; sourceTree = BUILT_PRODUCTS_DIR; };
		883BD2CD1DA57F4600051423 /* Security.framework */ = {isa = PBXFileReference; lastKnownFileType = wrapper.framework; name = Security.framework; path = System/Library/Frameworks/Security.framework; sourceTree = SDKROOT; };
		883BD2CF1DA57F5700051423 /* CoreFoundation.framework */ = {isa = PBXFileReference; lastKnownFileType = wrapper.framework; name = CoreFoundation.framework; path = System/Library/Frameworks/CoreFoundation.framework; sourceTree = SDKROOT; };
		883BD2D11DA57FDB00051423 /* CoreServices.framework */ = {isa = PBXFileReference; lastKnownFileType = wrapper.framework; name = CoreServices.framework; path = System/Library/Frameworks/CoreServices.framework; sourceTree = SDKROOT; };
		88508A1D1DA58CDF00954EB7 /* COPYING */ = {isa = PBXFileReference; fileEncoding = 4; lastKnownFileType = text; path = COPYING; sourceTree = "<group>"; };
		88BBBA201DA584070080254D /* pkcs11.h */ = {isa = PBXFileReference; fileEncoding = 4; lastKnownFileType = sourcecode.c.h; path = pkcs11.h; sourceTree = "<group>"; };
		88BBBA211DA584070080254D /* README */ = {isa = PBXFileReference; fileEncoding = 4; lastKnownFileType = text; path = README; sourceTree = "<group>"; };
/* End PBXFileReference section */

/* Begin PBXFrameworksBuildPhase section */
		6983BB880FF14AEC00FED01D /* Frameworks */ = {
			isa = PBXFrameworksBuildPhase;
			buildActionMask = 2147483647;
			files = (
				883BD2D21DA57FDB00051423 /* CoreServices.framework in Frameworks */,
				883BD2D01DA57F5700051423 /* CoreFoundation.framework in Frameworks */,
				883BD2CE1DA57F4600051423 /* Security.framework in Frameworks */,
			);
			runOnlyForDeploymentPostprocessing = 0;
		};
		6983BDD40FF2770E00FED01D /* Frameworks */ = {
			isa = PBXFrameworksBuildPhase;
			buildActionMask = 2147483647;
			files = (
			);
			runOnlyForDeploymentPostprocessing = 0;
		};
/* End PBXFrameworksBuildPhase section */

/* Begin PBXGroup section */
		08FB7794FE84155DC02AAC07 /* KeychainToken */ = {
			isa = PBXGroup;
			children = (
				88508A1D1DA58CDF00954EB7 /* COPYING */,
				692302C20FF925BB0031A8B7 /* README */,
				692300C10FF55CDA0031A8B7 /* Frameworks */,
				88BBBA1E1DA584070080254D /* 3rdParty */,
				08FB7795FE84155DC02AAC07 /* Source */,
				88613B871DA5815A00E8DD52 /* Test */,
				1AB674ADFE9D54B511CA2CBB /* Products */,
			);
			name = KeychainToken;
			sourceTree = "<group>";
		};
		08FB7795FE84155DC02AAC07 /* Source */ = {
			isa = PBXGroup;
			children = (
				697EEADA10039CA20063C91C /* constants.h */,
				6924E80A0FFC0A9A00907808 /* debug.h */,
				6924E80B0FFC0A9A00907808 /* debug.c */,
				6983BB7B0FF008B100FED01D /* keychain_pkcs11.h */,
				6983BB7C0FF008B100FED01D /* keychain_pkcs11.c */,
				6923007F0FF557160031A8B7 /* preferences.h */,
				692300800FF557160031A8B7 /* preferences.c */,
				697EEACC100397560063C91C /* support_funcs.h */,
				697EEACD100397560063C91C /* support_funcs.c */,
				697EEAD310039A880063C91C /* types.h */,
			);
			path = Source;
			sourceTree = "<group>";
		};
		1AB674ADFE9D54B511CA2CBB /* Products */ = {
			isa = PBXGroup;
			children = (
				6983BB8A0FF14AEC00FED01D /* keychain_pkcs11.dylib */,
				6983BDD60FF2770E00FED01D /* pkcs11_test */,
			);
			name = Products;
			sourceTree = "<group>";
		};
		692300C10FF55CDA0031A8B7 /* Frameworks */ = {
			isa = PBXGroup;
			children = (
				883BD2D11DA57FDB00051423 /* CoreServices.framework */,
				883BD2CF1DA57F5700051423 /* CoreFoundation.framework */,
				883BD2CD1DA57F4600051423 /* Security.framework */,
			);
			name = Frameworks;
			sourceTree = "<group>";
		};
		88613B871DA5815A00E8DD52 /* Test */ = {
			isa = PBXGroup;
			children = (
				6983BDD20FF276EF00FED01D /* pkcs11_test.c */,
			);
			path = Test;
			sourceTree = "<group>";
		};
		88BBBA1E1DA584070080254D /* 3rdParty */ = {
			isa = PBXGroup;
			children = (
				88BBBA1F1DA584070080254D /* scute */,
			);
			path = 3rdParty;
			sourceTree = "<group>";
		};
		88BBBA1F1DA584070080254D /* scute */ = {
			isa = PBXGroup;
			children = (
				88BBBA211DA584070080254D /* README */,
				88BBBA201DA584070080254D /* pkcs11.h */,
			);
			path = scute;
			sourceTree = "<group>";
		};
/* End PBXGroup section */

/* Begin PBXHeadersBuildPhase section */
		6983BB860FF14AEC00FED01D /* Headers */ = {
			isa = PBXHeadersBuildPhase;
			buildActionMask = 2147483647;
			files = (
				697EEAD410039A880063C91C /* types.h in Headers */,
			);
			runOnlyForDeploymentPostprocessing = 0;
		};
/* End PBXHeadersBuildPhase section */

/* Begin PBXNativeTarget section */
		6983BB890FF14AEC00FED01D /* keychain_pkcs11 */ = {
			isa = PBXNativeTarget;
			buildConfigurationList = 6983BB910FF14B0C00FED01D /* Build configuration list for PBXNativeTarget "keychain_pkcs11" */;
			buildPhases = (
				6983BB860FF14AEC00FED01D /* Headers */,
				6983BB870FF14AEC00FED01D /* Sources */,
				6983BB880FF14AEC00FED01D /* Frameworks */,
			);
			buildRules = (
			);
			dependencies = (
			);
			name = keychain_pkcs11;
			productName = keychain_pkcs11;
			productReference = 6983BB8A0FF14AEC00FED01D /* keychain_pkcs11.dylib */;
			productType = "com.apple.product-type.library.dynamic";
		};
		6983BDD50FF2770E00FED01D /* pkcs11_test */ = {
			isa = PBXNativeTarget;
			buildConfigurationList = 6983BDEB0FF2773A00FED01D /* Build configuration list for PBXNativeTarget "pkcs11_test" */;
			buildPhases = (
				6983BDD30FF2770E00FED01D /* Sources */,
				6983BDD40FF2770E00FED01D /* Frameworks */,
			);
			buildRules = (
			);
			dependencies = (
			);
			name = pkcs11_test;
			productName = pkcs11_test;
			productReference = 6983BDD60FF2770E00FED01D /* pkcs11_test */;
			productType = "com.apple.product-type.tool";
		};
/* End PBXNativeTarget section */

/* Begin PBXProject section */
		08FB7793FE84155DC02AAC07 /* Project object */ = {
			isa = PBXProject;
			attributes = {
				LastUpgradeCheck = 0800;
			};
			buildConfigurationList = 1DEB928908733DD80010E9CD /* Build configuration list for PBXProject "KeychainToken" */;
			compatibilityVersion = "Xcode 3.2";
			developmentRegion = English;
			hasScannedForEncodings = 1;
			knownRegions = (
				English,
				Japanese,
				French,
				German,
			);
			mainGroup = 08FB7794FE84155DC02AAC07 /* KeychainToken */;
			projectDirPath = "";
			projectRoot = "";
			targets = (
				6983BB890FF14AEC00FED01D /* keychain_pkcs11 */,
				6983BDD50FF2770E00FED01D /* pkcs11_test */,
			);
		};
/* End PBXProject section */

/* Begin PBXSourcesBuildPhase section */
		6983BB870FF14AEC00FED01D /* Sources */ = {
			isa = PBXSourcesBuildPhase;
			buildActionMask = 2147483647;
			files = (
				6983BDC80FF2768100FED01D /* keychain_pkcs11.c in Sources */,
				692300820FF557160031A8B7 /* preferences.c in Sources */,
				6924E80D0FFC0A9A00907808 /* debug.c in Sources */,
				697EEACF100397560063C91C /* support_funcs.c in Sources */,
			);
			runOnlyForDeploymentPostprocessing = 0;
		};
		6983BDD30FF2770E00FED01D /* Sources */ = {
			isa = PBXSourcesBuildPhase;
			buildActionMask = 2147483647;
			files = (
				6983BDDA0FF2771D00FED01D /* pkcs11_test.c in Sources */,
				6924E80E0FFC0A9A00907808 /* debug.c in Sources */,
			);
			runOnlyForDeploymentPostprocessing = 0;
		};
/* End PBXSourcesBuildPhase section */

/* Begin XCBuildConfiguration section */
		1DEB928A08733DD80010E9CD /* Debug */ = {
			isa = XCBuildConfiguration;
			buildSettings = {
				ALWAYS_SEARCH_USER_PATHS = NO;
				CLANG_ANALYZER_LOCALIZABILITY_NONLOCALIZED = YES;
				CLANG_ANALYZER_NONNULL = YES;
				CLANG_CXX_LANGUAGE_STANDARD = "c++0x";
				CLANG_CXX_LIBRARY = "libc++";
				CLANG_ENABLE_MODULES = YES;
				CLANG_ENABLE_OBJC_ARC = YES;
				CLANG_WARN_BOOL_CONVERSION = YES;
				CLANG_WARN_CONSTANT_CONVERSION = YES;
				CLANG_WARN_DIRECT_OBJC_ISA_USAGE = YES_ERROR;
				CLANG_WARN_DOCUMENTATION_COMMENTS = YES;
				CLANG_WARN_EMPTY_BODY = YES;
				CLANG_WARN_ENUM_CONVERSION = YES;
				CLANG_WARN_INFINITE_RECURSION = YES;
				CLANG_WARN_INT_CONVERSION = YES;
				CLANG_WARN_OBJC_ROOT_CLASS = YES_ERROR;
				CLANG_WARN_SUSPICIOUS_MOVE = YES;
				CLANG_WARN_UNREACHABLE_CODE = YES;
				CLANG_WARN__DUPLICATE_METHOD_MATCH = YES;
				COPY_PHASE_STRIP = NO;
				DEBUG_INFORMATION_FORMAT = dwarf;
				ENABLE_STRICT_OBJC_MSGSEND = YES;
				ENABLE_TESTABILITY = YES;
				GCC_C_LANGUAGE_STANDARD = c99;
				GCC_NO_COMMON_BLOCKS = YES;
				GCC_OPTIMIZATION_LEVEL = 0;
				GCC_PREPROCESSOR_DEFINITIONS = (
					"DEBUG=1",
					"DEBUG_LEVEL=DEBUG_VERBOSE",
				);
				GCC_WARN_64_TO_32_BIT_CONVERSION = YES;
				GCC_WARN_ABOUT_RETURN_TYPE = YES_ERROR;
				GCC_WARN_UNDECLARED_SELECTOR = YES;
				GCC_WARN_UNINITIALIZED_AUTOS = YES_AGGRESSIVE;
				GCC_WARN_UNUSED_FUNCTION = YES;
				GCC_WARN_UNUSED_VARIABLE = YES;
				INSTALL_PREFIX = /usr/local;
				ONLY_ACTIVE_ARCH = YES;
				P11_MODULE_PATH = "$(INSTALL_PREFIX)/lib/pkcs11";
				SDKROOT = macosx;
			};
			name = Debug;
		};
		1DEB928B08733DD80010E9CD /* Release */ = {
			isa = XCBuildConfiguration;
			buildSettings = {
				ALWAYS_SEARCH_USER_PATHS = NO;
				CLANG_ANALYZER_LOCALIZABILITY_NONLOCALIZED = YES;
				CLANG_ANALYZER_NONNULL = YES;
				CLANG_CXX_LANGUAGE_STANDARD = "c++0x";
				CLANG_CXX_LIBRARY = "libc++";
				CLANG_ENABLE_MODULES = YES;
				CLANG_ENABLE_OBJC_ARC = YES;
				CLANG_WARN_BOOL_CONVERSION = YES;
				CLANG_WARN_CONSTANT_CONVERSION = YES;
				CLANG_WARN_DIRECT_OBJC_ISA_USAGE = YES_ERROR;
				CLANG_WARN_DOCUMENTATION_COMMENTS = YES;
				CLANG_WARN_EMPTY_BODY = YES;
				CLANG_WARN_ENUM_CONVERSION = YES;
				CLANG_WARN_INFINITE_RECURSION = YES;
				CLANG_WARN_INT_CONVERSION = YES;
				CLANG_WARN_OBJC_ROOT_CLASS = YES_ERROR;
				CLANG_WARN_SUSPICIOUS_MOVE = YES;
				CLANG_WARN_UNREACHABLE_CODE = YES;
				CLANG_WARN__DUPLICATE_METHOD_MATCH = YES;
				COPY_PHASE_STRIP = NO;
				DEBUG_INFORMATION_FORMAT = "dwarf-with-dsym";
				ENABLE_NS_ASSERTIONS = NO;
				ENABLE_STRICT_OBJC_MSGSEND = YES;
				GCC_C_LANGUAGE_STANDARD = c99;
				GCC_NO_COMMON_BLOCKS = YES;
				GCC_WARN_64_TO_32_BIT_CONVERSION = YES;
				GCC_WARN_ABOUT_RETURN_TYPE = YES_ERROR;
				GCC_WARN_UNDECLARED_SELECTOR = YES;
				GCC_WARN_UNINITIALIZED_AUTOS = YES_AGGRESSIVE;
				GCC_WARN_UNUSED_FUNCTION = YES;
				GCC_WARN_UNUSED_VARIABLE = YES;
				INSTALL_PREFIX = /usr/local;
				P11_MODULE_PATH = "$(INSTALL_PREFIX)/lib/pkcs11";
				SDKROOT = macosx;
			};
			name = Release;
		};
		6983BB8B0FF14AED00FED01D /* Debug */ = {
			isa = XCBuildConfiguration;
			buildSettings = {
				DYLIB_COMPATIBILITY_VERSION = 1;
				DYLIB_CURRENT_VERSION = 1;
				GCC_ENABLE_FIX_AND_CONTINUE = YES;
				INSTALL_PATH = "$(P11_MODULE_PATH)";
				LIBRARY_SEARCH_PATHS = "$(OPENSSL_PREFIX)/lib";
				OPENSSL_PREFIX = /usr/local/opt/openssl;
				OTHER_CFLAGS = "-isystem$(OPENSSL_PREFIX)/include";
				OTHER_LDFLAGS = "-lcrypto";
				PRODUCT_NAME = keychain_pkcs11;
			};
			name = Debug;
		};
		6983BB8C0FF14AED00FED01D /* Release */ = {
			isa = XCBuildConfiguration;
			buildSettings = {
				DYLIB_COMPATIBILITY_VERSION = 1;
				DYLIB_CURRENT_VERSION = 1;
				GCC_ENABLE_FIX_AND_CONTINUE = NO;
				INSTALL_PATH = "$(P11_MODULE_PATH)";
				LIBRARY_SEARCH_PATHS = "$(OPENSSL_PREFIX)/lib";
				OPENSSL_PREFIX = /usr/local/opt/openssl;
				OTHER_CFLAGS = "-isystem$(OPENSSL_PREFIX)/include";
				OTHER_LDFLAGS = "-lcrypto";
				PRODUCT_NAME = keychain_pkcs11;
			};
			name = Release;
		};
		6983BDD80FF2770F00FED01D /* Debug */ = {
			isa = XCBuildConfiguration;
			buildSettings = {
				GCC_ENABLE_FIX_AND_CONTINUE = YES;
				INSTALL_PATH = "$(INSTALL_PREFIX)/bin";
				PRODUCT_NAME = pkcs11_test;
			};
			name = Debug;
		};
		6983BDD90FF2770F00FED01D /* Release */ = {
			isa = XCBuildConfiguration;
			buildSettings = {
				GCC_ENABLE_FIX_AND_CONTINUE = NO;
				INSTALL_PATH = "$(INSTALL_PREFIX)/bin";
				PRODUCT_NAME = pkcs11_test;
			};
			name = Release;
		};
/* End XCBuildConfiguration section */

/* Begin XCConfigurationList section */
		1DEB928908733DD80010E9CD /* Build configuration list for PBXProject "KeychainToken" */ = {
			isa = XCConfigurationList;
			buildConfigurations = (
				1DEB928A08733DD80010E9CD /* Debug */,
				1DEB928B08733DD80010E9CD /* Release */,
			);
			defaultConfigurationIsVisible = 0;
			defaultConfigurationName = Release;
		};
		6983BB910FF14B0C00FED01D /* Build configuration list for PBXNativeTarget "keychain_pkcs11" */ = {
			isa = XCConfigurationList;
			buildConfigurations = (
				6983BB8B0FF14AED00FED01D /* Debug */,
				6983BB8C0FF14AED00FED01D /* Release */,
			);
			defaultConfigurationIsVisible = 0;
			defaultConfigurationName = Release;
		};
		6983BDEB0FF2773A00FED01D /* Build configuration list for PBXNativeTarget "pkcs11_test" */ = {
			isa = XCConfigurationList;
			buildConfigurations = (
				6983BDD80FF2770F00FED01D /* Debug */,
				6983BDD90FF2770F00FED01D /* Release */,
			);
			defaultConfigurationIsVisible = 0;
			defaultConfigurationName = Release;
		};
/* End XCConfigurationList section */
	};
	rootObject = 08FB7793FE84155DC02AAC07 /* Project object */;
}
